
Microsoft Visual Studio Solution File, Format Version 12.00
# Visual Studio Version 17
VisualStudioVersion = 17.14.36221.1
MinimumVisualStudioVersion = 10.0.40219.1
Project("{FAE04EC0-301F-11D3-BF4B-00C04F79EFBC}") = "AntdUI", "AntdUI\AntdUI.csproj", "{960D9F52-3FAC-3467-6A10-28BE3831C855}"
EndProject
Project("{FAE04EC0-301F-11D3-BF4B-00C04F79EFBC}") = "AntdUI.EmojiFluentFlat", "AntdUI.EmojiFluentFlat\AntdUI.EmojiFluentFlat.csproj", "{8DB80680-FBE8-3CF3-6E98-1D6FE9C151E5}"
EndProject
Project("{2150E333-8FDC-42A3-9474-1A3956D46DE8}") = "src", "src", "{02EA681E-C7D8-13C7-8484-4AC65E1B71E8}"
EndProject
Project("{FAE04EC0-301F-11D3-BF4B-00C04F79EFBC}") = "Sunny.Subdy.Server", "Sunny.Subdy.Server\Sunny.Subdy.Server.csproj", "{71E66128-D539-90D1-22B1-592C73BB6BBB}"
EndProject
Project("{FAE04EC0-301F-11D3-BF4B-00C04F79EFBC}") = "Sunny.Subdy.Data", "Sunny.Subdy.Data\Sunny.Subdy.Data.csproj", "{5AC5D6C8-6802-C6AC-B560-F680D0269B7A}"
EndProject
Project("{FAE04EC0-301F-11D3-BF4B-00C04F79EFBC}") = "Sunny.Subdy.Common", "Sunny.Subdy.Common\Sunny.Subdy.Common.csproj", "{35E70872-6BB6-289C-F314-8C00FCFD0D83}"
EndProject
Project("{FAE04EC0-301F-11D3-BF4B-00C04F79EFBC}") = "Sunny.Subd.Core", "Sunny.Subd.Core\Sunny.Subd.Core.csproj", "{2BDCC1DD-394E-417E-B950-FCB2664B6E2E}"
EndProject
Project("{8BC9CEB8-8B4A-11D0-8D11-00A0C91BC942}") = "HttpRequestLib", "HttpRequestLib\HttpRequestLib\HttpRequestLib.vcxproj", "{B906BEC8-0745-4E9A-8488-3D84DCB7A9F2}"
EndProject
Project("{FAE04EC0-301F-11D3-BF4B-00C04F79EFBC}") = "AutoAndroid", "AutoAndroid\AutoAndroid.csproj", "{1B809060-7753-4CC9-71EA-5D202E6DBE54}"
EndProject
Project("{FAE04EC0-301F-11D3-BF4B-00C04F79EFBC}") = "ScrcpyNet", "ScrcpyNet\ScrcpyNet.csproj", "{05F1FAED-81AA-DBA8-AEAD-3E5EA0D11E5C}"
EndProject
Project("{FAE04EC0-301F-11D3-BF4B-00C04F79EFBC}") = "LamToolAutoPhonePrime", "LamToolAutoPhonePrime\LamToolAutoPhonePrime.csproj", "{5B73F0BA-59F6-12DE-A253-63C2E2EF712C}"
EndProject
Global
	GlobalSection(SolutionConfigurationPlatforms) = preSolution
		Debug|Any CPU = Debug|Any CPU
		Debug|x64 = Debug|x64
		Debug|x86 = Debug|x86
		Release|Any CPU = Release|Any CPU
		Release|x64 = Release|x64
		Release|x86 = Release|x86
	EndGlobalSection
	GlobalSection(ProjectConfigurationPlatforms) = postSolution
		{960D9F52-3FAC-3467-6A10-28BE3831C855}.Debug|Any CPU.ActiveCfg = Debug|Any CPU
		{960D9F52-3FAC-3467-6A10-28BE3831C855}.Debug|Any CPU.Build.0 = Debug|Any CPU
		{960D9F52-3FAC-3467-6A10-28BE3831C855}.Debug|x64.ActiveCfg = Debug|Any CPU
		{960D9F52-3FAC-3467-6A10-28BE3831C855}.Debug|x64.Build.0 = Debug|Any CPU
		{960D9F52-3FAC-3467-6A10-28BE3831C855}.Debug|x86.ActiveCfg = Debug|Any CPU
		{960D9F52-3FAC-3467-6A10-28BE3831C855}.Debug|x86.Build.0 = Debug|Any CPU
		{960D9F52-3FAC-3467-6A10-28BE3831C855}.Release|Any CPU.ActiveCfg = Release|Any CPU
		{960D9F52-3FAC-3467-6A10-28BE3831C855}.Release|Any CPU.Build.0 = Release|Any CPU
		{960D9F52-3FAC-3467-6A10-28BE3831C855}.Release|x64.ActiveCfg = Release|Any CPU
		{960D9F52-3FAC-3467-6A10-28BE3831C855}.Release|x64.Build.0 = Release|Any CPU
		{960D9F52-3FAC-3467-6A10-28BE3831C855}.Release|x86.ActiveCfg = Release|Any CPU
		{960D9F52-3FAC-3467-6A10-28BE3831C855}.Release|x86.Build.0 = Release|Any CPU
		{8DB80680-FBE8-3CF3-6E98-1D6FE9C151E5}.Debug|Any CPU.ActiveCfg = Debug|Any CPU
		{8DB80680-FBE8-3CF3-6E98-1D6FE9C151E5}.Debug|Any CPU.Build.0 = Debug|Any CPU
		{8DB80680-FBE8-3CF3-6E98-1D6FE9C151E5}.Debug|x64.ActiveCfg = Debug|Any CPU
		{8DB80680-FBE8-3CF3-6E98-1D6FE9C151E5}.Debug|x64.Build.0 = Debug|Any CPU
		{8DB80680-FBE8-3CF3-6E98-1D6FE9C151E5}.Debug|x86.ActiveCfg = Debug|Any CPU
		{8DB80680-FBE8-3CF3-6E98-1D6FE9C151E5}.Debug|x86.Build.0 = Debug|Any CPU
		{8DB80680-FBE8-3CF3-6E98-1D6FE9C151E5}.Release|Any CPU.ActiveCfg = Release|Any CPU
		{8DB80680-FBE8-3CF3-6E98-1D6FE9C151E5}.Release|Any CPU.Build.0 = Release|Any CPU
		{8DB80680-FBE8-3CF3-6E98-1D6FE9C151E5}.Release|x64.ActiveCfg = Release|Any CPU
		{8DB80680-FBE8-3CF3-6E98-1D6FE9C151E5}.Release|x64.Build.0 = Release|Any CPU
		{8DB80680-FBE8-3CF3-6E98-1D6FE9C151E5}.Release|x86.ActiveCfg = Release|Any CPU
		{8DB80680-FBE8-3CF3-6E98-1D6FE9C151E5}.Release|x86.Build.0 = Release|Any CPU
		{71E66128-D539-90D1-22B1-592C73BB6BBB}.Debug|Any CPU.ActiveCfg = Debug|Any CPU
		{71E66128-D539-90D1-22B1-592C73BB6BBB}.Debug|Any CPU.Build.0 = Debug|Any CPU
		{71E66128-D539-90D1-22B1-592C73BB6BBB}.Debug|x64.ActiveCfg = Debug|Any CPU
		{71E66128-D539-90D1-22B1-592C73BB6BBB}.Debug|x64.Build.0 = Debug|Any CPU
		{71E66128-D539-90D1-22B1-592C73BB6BBB}.Debug|x86.ActiveCfg = Debug|Any CPU
		{71E66128-D539-90D1-22B1-592C73BB6BBB}.Debug|x86.Build.0 = Debug|Any CPU
		{71E66128-D539-90D1-22B1-592C73BB6BBB}.Release|Any CPU.ActiveCfg = Release|Any CPU
		{71E66128-D539-90D1-22B1-592C73BB6BBB}.Release|Any CPU.Build.0 = Release|Any CPU
		{71E66128-D539-90D1-22B1-592C73BB6BBB}.Release|x64.ActiveCfg = Release|Any CPU
		{71E66128-D539-90D1-22B1-592C73BB6BBB}.Release|x64.Build.0 = Release|Any CPU
		{71E66128-D539-90D1-22B1-592C73BB6BBB}.Release|x86.ActiveCfg = Release|Any CPU
		{71E66128-D539-90D1-22B1-592C73BB6BBB}.Release|x86.Build.0 = Release|Any CPU
		{5AC5D6C8-6802-C6AC-B560-F680D0269B7A}.Debug|Any CPU.ActiveCfg = Debug|Any CPU
		{5AC5D6C8-6802-C6AC-B560-F680D0269B7A}.Debug|Any CPU.Build.0 = Debug|Any CPU
		{5AC5D6C8-6802-C6AC-B560-F680D0269B7A}.Debug|x64.ActiveCfg = Debug|Any CPU
		{5AC5D6C8-6802-C6AC-B560-F680D0269B7A}.Debug|x64.Build.0 = Debug|Any CPU
		{5AC5D6C8-6802-C6AC-B560-F680D0269B7A}.Debug|x86.ActiveCfg = Debug|Any CPU
		{5AC5D6C8-6802-C6AC-B560-F680D0269B7A}.Debug|x86.Build.0 = Debug|Any CPU
		{5AC5D6C8-6802-C6AC-B560-F680D0269B7A}.Release|Any CPU.ActiveCfg = Release|Any CPU
		{5AC5D6C8-6802-C6AC-B560-F680D0269B7A}.Release|Any CPU.Build.0 = Release|Any CPU
		{5AC5D6C8-6802-C6AC-B560-F680D0269B7A}.Release|x64.ActiveCfg = Release|Any CPU
		{5AC5D6C8-6802-C6AC-B560-F680D0269B7A}.Release|x64.Build.0 = Release|Any CPU
		{5AC5D6C8-6802-C6AC-B560-F680D0269B7A}.Release|x86.ActiveCfg = Release|Any CPU
		{5AC5D6C8-6802-C6AC-B560-F680D0269B7A}.Release|x86.Build.0 = Release|Any CPU
		{35E70872-6BB6-289C-F314-8C00FCFD0D83}.Debug|Any CPU.ActiveCfg = Debug|Any CPU
		{35E70872-6BB6-289C-F314-8C00FCFD0D83}.Debug|Any CPU.Build.0 = Debug|Any CPU
		{35E70872-6BB6-289C-F314-8C00FCFD0D83}.Debug|x64.ActiveCfg = Debug|Any CPU
		{35E70872-6BB6-289C-F314-8C00FCFD0D83}.Debug|x64.Build.0 = Debug|Any CPU
		{35E70872-6BB6-289C-F314-8C00FCFD0D83}.Debug|x86.ActiveCfg = Debug|Any CPU
		{35E70872-6BB6-289C-F314-8C00FCFD0D83}.Debug|x86.Build.0 = Debug|Any CPU
		{35E70872-6BB6-289C-F314-8C00FCFD0D83}.Release|Any CPU.ActiveCfg = Release|Any CPU
		{35E70872-6BB6-289C-F314-8C00FCFD0D83}.Release|Any CPU.Build.0 = Release|Any CPU
		{35E70872-6BB6-289C-F314-8C00FCFD0D83}.Release|x64.ActiveCfg = Release|Any CPU
		{35E70872-6BB6-289C-F314-8C00FCFD0D83}.Release|x64.Build.0 = Release|Any CPU
		{35E70872-6BB6-289C-F314-8C00FCFD0D83}.Release|x86.ActiveCfg = Release|Any CPU
		{35E70872-6BB6-289C-F314-8C00FCFD0D83}.Release|x86.Build.0 = Release|Any CPU
		{2BDCC1DD-394E-417E-B950-FCB2664B6E2E}.Debug|Any CPU.ActiveCfg = Debug|Any CPU
		{2BDCC1DD-394E-417E-B950-FCB2664B6E2E}.Debug|Any CPU.Build.0 = Debug|Any CPU
		{2BDCC1DD-394E-417E-B950-FCB2664B6E2E}.Debug|x64.ActiveCfg = Debug|Any CPU
		{2BDCC1DD-394E-417E-B950-FCB2664B6E2E}.Debug|x64.Build.0 = Debug|Any CPU
		{2BDCC1DD-394E-417E-B950-FCB2664B6E2E}.Debug|x86.ActiveCfg = Debug|Any CPU
		{2BDCC1DD-394E-417E-B950-FCB2664B6E2E}.Debug|x86.Build.0 = Debug|Any CPU
		{2BDCC1DD-394E-417E-B950-FCB2664B6E2E}.Release|Any CPU.ActiveCfg = Release|Any CPU
		{2BDCC1DD-394E-417E-B950-FCB2664B6E2E}.Release|Any CPU.Build.0 = Release|Any CPU
		{2BDCC1DD-394E-417E-B950-FCB2664B6E2E}.Release|x64.ActiveCfg = Release|Any CPU
		{2BDCC1DD-394E-417E-B950-FCB2664B6E2E}.Release|x64.Build.0 = Release|Any CPU
		{2BDCC1DD-394E-417E-B950-FCB2664B6E2E}.Release|x86.ActiveCfg = Release|Any CPU
		{2BDCC1DD-394E-417E-B950-FCB2664B6E2E}.Release|x86.Build.0 = Release|Any CPU
		{B906BEC8-0745-4E9A-8488-3D84DCB7A9F2}.Debug|Any CPU.ActiveCfg = Debug|x64
		{B906BEC8-0745-4E9A-8488-3D84DCB7A9F2}.Debug|Any CPU.Build.0 = Debug|x64
		{B906BEC8-0745-4E9A-8488-3D84DCB7A9F2}.Debug|x64.ActiveCfg = Debug|x64
		{B906BEC8-0745-4E9A-8488-3D84DCB7A9F2}.Debug|x64.Build.0 = Debug|x64
		{B906BEC8-0745-4E9A-8488-3D84DCB7A9F2}.Debug|x86.ActiveCfg = Debug|Win32
		{B906BEC8-0745-4E9A-8488-3D84DCB7A9F2}.Debug|x86.Build.0 = Debug|Win32
		{B906BEC8-0745-4E9A-8488-3D84DCB7A9F2}.Release|Any CPU.ActiveCfg = Release|x64
		{B906BEC8-0745-4E9A-8488-3D84DCB7A9F2}.Release|Any CPU.Build.0 = Release|x64
		{B906BEC8-0745-4E9A-8488-3D84DCB7A9F2}.Release|x64.ActiveCfg = Release|x64
		{B906BEC8-0745-4E9A-8488-3D84DCB7A9F2}.Release|x64.Build.0 = Release|x64
		{B906BEC8-0745-4E9A-8488-3D84DCB7A9F2}.Release|x86.ActiveCfg = Release|Win32
		{B906BEC8-0745-4E9A-8488-3D84DCB7A9F2}.Release|x86.Build.0 = Release|Win32
		{1B809060-7753-4CC9-71EA-5D202E6DBE54}.Debug|Any CPU.ActiveCfg = Debug|Any CPU
		{1B809060-7753-4CC9-71EA-5D202E6DBE54}.Debug|Any CPU.Build.0 = Debug|Any CPU
		{1B809060-7753-4CC9-71EA-5D202E6DBE54}.Debug|x64.ActiveCfg = Debug|Any CPU
		{1B809060-7753-4CC9-71EA-5D202E6DBE54}.Debug|x64.Build.0 = Debug|Any CPU
		{1B809060-7753-4CC9-71EA-5D202E6DBE54}.Debug|x86.ActiveCfg = Debug|Any CPU
		{1B809060-7753-4CC9-71EA-5D202E6DBE54}.Debug|x86.Build.0 = Debug|Any CPU
		{1B809060-7753-4CC9-71EA-5D202E6DBE54}.Release|Any CPU.ActiveCfg = Release|Any CPU
		{1B809060-7753-4CC9-71EA-5D202E6DBE54}.Release|Any CPU.Build.0 = Release|Any CPU
		{1B809060-7753-4CC9-71EA-5D202E6DBE54}.Release|x64.ActiveCfg = Release|Any CPU
		{1B809060-7753-4CC9-71EA-5D202E6DBE54}.Release|x64.Build.0 = Release|Any CPU
		{1B809060-7753-4CC9-71EA-5D202E6DBE54}.Release|x86.ActiveCfg = Release|Any CPU
		{1B809060-7753-4CC9-71EA-5D202E6DBE54}.Release|x86.Build.0 = Release|Any CPU
		{05F1FAED-81AA-DBA8-AEAD-3E5EA0D11E5C}.Debug|Any CPU.ActiveCfg = Debug|Any CPU
		{05F1FAED-81AA-DBA8-AEAD-3E5EA0D11E5C}.Debug|Any CPU.Build.0 = Debug|Any CPU
		{05F1FAED-81AA-DBA8-AEAD-3E5EA0D11E5C}.Debug|x64.ActiveCfg = Debug|Any CPU
		{05F1FAED-81AA-DBA8-AEAD-3E5EA0D11E5C}.Debug|x64.Build.0 = Debug|Any CPU
		{05F1FAED-81AA-DBA8-AEAD-3E5EA0D11E5C}.Debug|x86.ActiveCfg = Debug|Any CPU
		{05F1FAED-81AA-DBA8-AEAD-3E5EA0D11E5C}.Debug|x86.Build.0 = Debug|Any CPU
		{05F1FAED-81AA-DBA8-AEAD-3E5EA0D11E5C}.Release|Any CPU.ActiveCfg = Release|Any CPU
		{05F1FAED-81AA-DBA8-AEAD-3E5EA0D11E5C}.Release|Any CPU.Build.0 = Release|Any CPU
		{05F1FAED-81AA-DBA8-AEAD-3E5EA0D11E5C}.Release|x64.ActiveCfg = Release|Any CPU
		{05F1FAED-81AA-DBA8-AEAD-3E5EA0D11E5C}.Release|x64.Build.0 = Release|Any CPU
		{05F1FAED-81AA-DBA8-AEAD-3E5EA0D11E5C}.Release|x86.ActiveCfg = Release|Any CPU
		{05F1FAED-81AA-DBA8-AEAD-3E5EA0D11E5C}.Release|x86.Build.0 = Release|Any CPU
		{5B73F0BA-59F6-12DE-A253-63C2E2EF712C}.Debug|Any CPU.ActiveCfg = Debug|Any CPU
		{5B73F0BA-59F6-12DE-A253-63C2E2EF712C}.Debug|Any CPU.Build.0 = Debug|Any CPU
		{5B73F0BA-59F6-12DE-A253-63C2E2EF712C}.Debug|x64.ActiveCfg = Debug|Any CPU
		{5B73F0BA-59F6-12DE-A253-63C2E2EF712C}.Debug|x64.Build.0 = Debug|Any CPU
		{5B73F0BA-59F6-12DE-A253-63C2E2EF712C}.Debug|x86.ActiveCfg = Debug|Any CPU
		{5B73F0BA-59F6-12DE-A253-63C2E2EF712C}.Debug|x86.Build.0 = Debug|Any CPU
		{5B73F0BA-59F6-12DE-A253-63C2E2EF712C}.Release|Any CPU.ActiveCfg = Release|Any CPU
		{5B73F0BA-59F6-12DE-A253-63C2E2EF712C}.Release|Any CPU.Build.0 = Release|Any CPU
		{5B73F0BA-59F6-12DE-A253-63C2E2EF712C}.Release|x64.ActiveCfg = Release|Any CPU
		{5B73F0BA-59F6-12DE-A253-63C2E2EF712C}.Release|x64.Build.0 = Release|Any CPU
		{5B73F0BA-59F6-12DE-A253-63C2E2EF712C}.Release|x86.ActiveCfg = Release|Any CPU
		{5B73F0BA-59F6-12DE-A253-63C2E2EF712C}.Release|x86.Build.0 = Release|Any CPU
	EndGlobalSection
	GlobalSection(SolutionProperties) = preSolution
		HideSolutionNode = FALSE
	EndGlobalSection
	GlobalSection(NestedProjects) = preSolution
		{960D9F52-3FAC-3467-6A10-28BE3831C855} = {02EA681E-C7D8-13C7-8484-4AC65E1B71E8}
		{8DB80680-FBE8-3CF3-6E98-1D6FE9C151E5} = {02EA681E-C7D8-13C7-8484-4AC65E1B71E8}
		{71E66128-D539-90D1-22B1-592C73BB6BBB} = {02EA681E-C7D8-13C7-8484-4AC65E1B71E8}
		{5AC5D6C8-6802-C6AC-B560-F680D0269B7A} = {02EA681E-C7D8-13C7-8484-4AC65E1B71E8}
		{35E70872-6BB6-289C-F314-8C00FCFD0D83} = {02EA681E-C7D8-13C7-8484-4AC65E1B71E8}
		{2BDCC1DD-394E-417E-B950-FCB2664B6E2E} = {02EA681E-C7D8-13C7-8484-4AC65E1B71E8}
		{B906BEC8-0745-4E9A-8488-3D84DCB7A9F2} = {02EA681E-C7D8-13C7-8484-4AC65E1B71E8}
		{1B809060-7753-4CC9-71EA-5D202E6DBE54} = {02EA681E-C7D8-13C7-8484-4AC65E1B71E8}
		{05F1FAED-81AA-DBA8-AEAD-3E5EA0D11E5C} = {02EA681E-C7D8-13C7-8484-4AC65E1B71E8}
	EndGlobalSection
	GlobalSection(ExtensibilityGlobals) = postSolution
		SolutionGuid = {19B464B5-130E-4C43-8B01-F2BF6CC7305D}
	EndGlobalSection
EndGlobal
